PODS:
  - ChameleonFramework/Default (2.1.0)
  - ChameleonFramework/Swift (2.1.0):
    - ChameleonFramework/Default
  - Kingfisher (4.8.1)
  - MJRefresh (3.1.15.3)
  - PromiseKit (6.3.4):
    - PromiseKit/CorePromise (= 6.3.4)
    - PromiseKit/Foundation (= 6.3.4)
    - PromiseKit/UIKit (= 6.3.4)
  - PromiseKit/CorePromise (6.3.4)
  - PromiseKit/Foundation (6.3.4):
    - PromiseKit/CorePromise
  - PromiseKit/UIKit (6.3.4):
    - PromiseKit/CorePromise
  - SnapKit (4.0.0)

DEPENDENCIES:
  - ChameleonFramework/Swift (from `https://github.com/ViccAlexander/Chameleon.git`)
  - Kingfisher (~> 4.0)
  - MJRefresh
  - PromiseKit (~> 6.0)
  - SnapKit (~> 4.0.0)

SPEC REPOS:
  https://github.com/cocoapods/specs.git:
    - Kingfisher
    - MJRefresh
    - PromiseKit
    - SnapKit

EXTERNAL SOURCES:
  ChameleonFramework:
    :git: https://github.com/ViccAlexander/Chameleon.git

CHECKOUT OPTIONS:
  ChameleonFramework:
    :commit: 6dd284bde21ea2e7f9fd89bc36f40df16e16369d
    :git: https://github.com/ViccAlexander/Chameleon.git

SPEC CHECKSUMS:
  ChameleonFramework: d21a3cc247abfe5e37609a283a8238b03575cf64
  Kingfisher: 868c1149679a7ab6869be118faa9b5aed154aaf0
  MJRefresh: b48380ae2b927b46c4ef000de9adb8dc748e1df7
  PromiseKit: e1425568123ec844a944c93f2bcb29d511d39cf5
  SnapKit: a42d492c16e80209130a3379f73596c3454b7694

PODFILE CHECKSUM: af384d50158199923a17b4072c255a06a386e361

COCOAPODS: 1.5.3
